{
    "_meta": {
        "hash": {
            "sha256": "5d5cc05048b5769686bbdb0f4db7d56b3b7c00e46373cb54e80cb0316bd5a697"
        },
        "pipfile-spec": 6,
        "requires": {
            "python_version": "3.7"
        },
        "sources": [
            {
                "name": "pypi",
                "url": "https://pypi.python.org/simple",
                "verify_ssl": true
            }
        ]
    },
    "default": {
        "mypy-extensions": {
            "hashes": [
                "sha256:090fedd75945a69ae91ce1303b5824f428daf5a028d2f6ab8a299250a846f15d",
                "sha256:2d82818f5bb3e369420cb3c4060a7970edba416647068eb4c5343488a6c604a8"
            ],
            "version": "==0.4.3"
        },
        "orjson": {
            "hashes": [
                "sha256:0f11fd620b74fbdcf29021b3a9c36fb6e13efcdd63cbacc292d0786b54b4b2e8",
                "sha256:0f33d28083819579976669f54ca79675d8e95fd5d75e7db21b798354ed8dd15b",
                "sha256:149d6a2bc71514826979b9d053f3df0c2397a99e2b87213ba71605a1626d662c",
                "sha256:1e19907c1ccf82976c2d111f3914a2c0697720b91908e8ef02405e4dc21c662a",
                "sha256:28dc7e1f89440a68c1ccb937f6f0ae40fa3875de84f747262c00bc18aa25c5ec",
                "sha256:28e6116ebd2082357bb9c66a76a3a1dc6aa4de0754801ac10b9903d31b752a1b",
                "sha256:3bff4765281da6fa8ddbbe692e5061f950d11aabdfe64837fb53ead4756e9af6",
                "sha256:4ab9536c3776136303ab9e6432691d970e6aa5d27dbc2b5e0ca0d0db3e12f1c4",
                "sha256:4c290f1c0b6665d60181ee2f0ef631640d04ead2002ca4eadce4991ea5d6a4ed",
                "sha256:8c90083c67653d88b132820719e604250f26ba04229efe3149bf82ba2a08f8cf",
                "sha256:a7d634eb69083ca5a49baf412625604813f9e3365cb869f445c388d15fe60122",
                "sha256:aa8332a3ee0fa03a331bea4f28cdcc4d363b53af2ea41630d7eb580422514a1f",
                "sha256:b0533d6719b781db7563c478672d91faeac9ea810f30f16ebb5e917c4451b098",
                "sha256:bc23eed41167b4454cddd51f72a7ee4163c33565c509bb9469adf56384b1cce2",
                "sha256:bf542f372162533550e86003d48664ab5fc1b44fb2b88923b9794cc8db6f0cf0",
                "sha256:c4ac5a1d1767733708fd9b45cbbab3f8871af57b54b707a2dc6fddb47e51a81a",
                "sha256:e455c5b42a023f4777526c623d2e9ae415084de5130f93aefe689ea482de5f67",
                "sha256:fa4d5d734e76d9f21a94444fbf1de7eea185b355b324d38c8a7456ce63c3bbeb"
            ],
            "index": "pypi",
            "version": "==3.3.1"
        },
        "typing-extensions": {
            "hashes": [
                "sha256:7cb407020f00f7bfc3cb3e7881628838e69d8f3fcab2f64742a5e76b2f841918",
                "sha256:99d4073b617d30288f569d3f13d2bd7548c3a7e4c8de87db09a9d29bb3a4a60c",
                "sha256:dafc7639cde7f1b6e1acc0f457842a83e722ccca8eef5270af2d74792619a89f"
            ],
            "version": "==3.7.4.3"
        },
        "typing-inspect": {
            "hashes": [
                "sha256:3b98390df4d999a28cf5b35d8b333425af5da2ece8a4ea9e98f71e7591347b4f",
                "sha256:8f1b1dd25908dbfd81d3bebc218011531e7ab614ba6e5bf7826d887c834afab7",
                "sha256:de08f50a22955ddec353876df7b2545994d6df08a2f45d54ac8c05e530372ca0"
            ],
            "index": "pypi",
            "version": "==0.6.0"
        },
        "ujson": {
            "hashes": [
                "sha256:00bda1de275ed6fe81817902189c75dfd156b4fa29b44dc1f4620775d2f50cf7",
                "sha256:0184ed23618ce3d793aaf9f5b3dd456cf719b930d3936fb39000589ed0bd2811",
                "sha256:0789837e7156e07890f2461ec1d9dc2ea4ef7c76fd36e46955d811485daf83b9",
                "sha256:083778f4e64f90b4468e73e0baafcde0ab83bff85315d28a5b1287a3f5909e7f",
                "sha256:3a049acf176dacbb79ee00b13a78fc2524c35c69400e34aa5f6ff0fc3fdbb1f0",
                "sha256:585329c16eeb0992308545c7a05eee76c7f1c2042b08317aac64fef1e71e71a9",
                "sha256:6a2fac9892996c3a46bd3fd8bbf739f19f85fc7ec9cdc11b014f76267c3ee76d",
                "sha256:7e7cdd8a42428cd2716cfe0a506e57168c6a02b8032478209cb4a8a12b8c2c4e",
                "sha256:8032ca897cfce113cb9ca7f07ff4c750afe18c605eeed2e09cf9b882c99fc76b",
                "sha256:a8194b778adf38ad679c62e2bb6cf71972ae91102e611e4bb31f625be6fb366a",
                "sha256:b794a2ddba049daa1fe0f28c4652b54d0d06580e7d3bcae87b4c000fb242654f",
                "sha256:bf30ac68d8b2aed665589cfd3608e43d8cd6cb74cd5a9379ab9af9861c33a8be",
                "sha256:c2be0d511e5dc302f190e510544c4d5fbbb4396632abe33b66e28dad26ea4325",
                "sha256:d3f28f64b33609be20f985baa72d43ccfdf87e50d47ca2791d26b9c2f348a35b",
                "sha256:d40d53aa679994624960b1c40bc451c5d9e3a0779f6a04146b417e220ce8f7d4",
                "sha256:ebe1bc9536b93c697f042b6c39ed602ad7edd5ef139eb167d9c8e36594b24546",
                "sha256:f6e229fa9b7d8586f894d18a003703fea4620ff8e6d39c11499755ecec5b43fc"
            ],
            "index": "pypi",
            "version": "==3.1.0"
        }
    },
    "develop": {
        "attrs": {
            "hashes": [
                "sha256:26b54ddbbb9ee1d34d5d3668dd37d6cf74990ab23c828c2888dccdceee395594",
                "sha256:fce7fc47dfc976152e82d53ff92fa0407700c21acd20886a13777a0d20e655dc"
            ],
            "markers": "python_version >= '2.7' and python_version not in '3.0, 3.1, 3.2, 3.3'",
            "version": "==20.2.0"
        },
        "importlib-metadata": {
            "hashes": [
                "sha256:90bb658cdbbf6d1735b6341ce708fc7024a3e14e99ffdc5783edea9f9b077f83",
                "sha256:dc15b2969b4ce36305c51eebe62d418ac7791e9a157911d58bfb1f9ccd8e2070"
            ],
            "markers": "python_version < '3.8'",
            "version": "==1.7.0"
        },
        "iniconfig": {
            "hashes": [
                "sha256:80cf40c597eb564e86346103f609d74efce0f6b4d4f30ec8ce9e2c26411ba437",
                "sha256:e5f92f89355a67de0595932a6c6c02ab4afddc6fcdc0bfc5becd0d60884d3f69"
            ],
            "version": "==1.0.1"
        },
        "more-itertools": {
            "hashes": [
                "sha256:6f83822ae94818eae2612063a5101a7311e68ae8002005b5e05f03fd74a86a20",
                "sha256:9b30f12df9393f0d28af9210ff8efe48d10c94f73e5daf886f10c4b0b0b4f03c"
            ],
            "markers": "python_version >= '3.5'",
            "version": "==8.5.0"
        },
        "packaging": {
            "hashes": [
                "sha256:4357f74f47b9c12db93624a82154e9b120fa8293699949152b22065d556079f8",
                "sha256:998416ba6962ae7fbd6596850b80e17859a5753ba17c32284f67bfff33784181"
            ],
            "markers": "python_version >= '2.7' and python_version not in '3.0, 3.1, 3.2, 3.3'",
            "version": "==20.4"
        },
        "parameterized": {
            "hashes": [
                "sha256:190f8cc7230eee0b56b30d7f074fd4d165f7c45e6077582d0813c8557e738490",
                "sha256:59ab908e31c01505a987a2be78854e19cb1630c047bbab7848169c371d614d56"
            ],
            "index": "pypi",
            "version": "==0.7.4"
        },
        "pluggy": {
            "hashes": [
                "sha256:15b2acde666561e1298d71b523007ed7364de07029219b604cf808bfa1c765b0",
                "sha256:966c145cd83c96502c3c3868f50408687b38434af77734af1e9ca461a4081d2d"
            ],
            "markers": "python_version >= '2.7' and python_version not in '3.0, 3.1, 3.2, 3.3'",
            "version": "==0.13.1"
        },
        "py": {
            "hashes": [
                "sha256:366389d1db726cd2fcfc79732e75410e5fe4d31db13692115529d34069a043c2",
                "sha256:9ca6883ce56b4e8da7e79ac18787889fa5206c79dcc67fb065376cd2fe03f342"
            ],
            "markers": "python_version >= '2.7' and python_version not in '3.0, 3.1, 3.2, 3.3'",
            "version": "==1.9.0"
        },
        "pyparsing": {
            "hashes": [
                "sha256:c203ec8783bf771a155b207279b9bccb8dea02d8f0c9e5f8ead507bc3246ecc1",
                "sha256:ef9d7589ef3c200abe66653d3f1ab1033c3c419ae9b9bdb1240a85b024efc88b"
            ],
            "markers": "python_version >= '2.6' and python_version not in '3.0, 3.1, 3.2, 3.3'",
            "version": "==2.4.7"
        },
        "pytest": {
            "hashes": [
                "sha256:85228d75db9f45e06e57ef9bf4429267f81ac7c0d742cc9ed63d09886a9fe6f4",
                "sha256:8b6007800c53fdacd5a5c192203f4e531eb2a1540ad9c752e052ec0f7143dbad"
            ],
            "index": "pypi",
            "version": "==6.0.1"
        },
        "six": {
            "hashes": [
                "sha256:30639c035cdb23534cd4aa2dd52c3bf48f06e5f4a941509c8bafd8ce11080259",
                "sha256:8b74bedcbbbaca38ff6d7491d76f2b06b3592611af620f8426e82dddb04a5ced"
            ],
            "markers": "python_version >= '2.7' and python_version not in '3.0, 3.1, 3.2, 3.3'",
            "version": "==1.15.0"
        },
        "toml": {
            "hashes": [
                "sha256:926b612be1e5ce0634a2ca03470f95169cf16f939018233a670519cb4ac58b0f",
                "sha256:bda89d5935c2eac546d648028b9901107a595863cb36bae0c73ac804a9b4ce88"
            ],
            "version": "==0.10.1"
        },
        "zipp": {
            "hashes": [
                "sha256:aa36550ff0c0b7ef7fa639055d797116ee891440eac1a56f378e2d3179e0320b",
                "sha256:c599e4d75c98f6798c509911d08a22e6c021d074469042177c8c86fb92eefd96"
            ],
            "markers": "python_version >= '3.6'",
            "version": "==3.1.0"
        }
    }
}
